
Microsoft Visual Studio Solution File, Format Version 12.00
# Visual Studio Version 16
VisualStudioVersion = 16.0.32228.343
MinimumVisualStudioVersion = 10.0.40219.1
Project("{FAE04EC0-301F-11D3-BF4B-00C04F79EFBC}") = "Day2Task1", "Day2Task1\Day2Task1.csproj", "{63B4397F-31B0-4586-A41C-C43501A6F595}"
EndProject
Global
	GlobalSection(SolutionConfigurationPlatforms) = preSolution
		Debug|Any CPU = Debug|Any CPU
		Release|Any CPU = Release|Any CPU
	EndGlobalSection
	GlobalSection(ProjectConfigurationPlatforms) = postSolution
		{63B4397F-31B0-4586-A41C-C43501A6F595}.Debug|Any CPU.ActiveCfg = Debug|Any CPU
		{63B4397F-31B0-4586-A41C-C43501A6F595}.Debug|Any CPU.Build.0 = Debug|Any CPU
		{63B4397F-31B0-4586-A41C-C43501A6F595}.Release|Any CPU.ActiveCfg = Release|Any CPU
		{63B4397F-31B0-4586-A41C-C43501A6F595}.Release|Any CPU.Build.0 = Release|Any CPU
	EndGlobalSection
	GlobalSection(SolutionProperties) = preSolution
		HideSolutionNode = FALSE
	EndGlobalSection
	GlobalSection(ExtensibilityGlobals) = postSolution
		SolutionGuid = {BC0438F7-AED5-4EFB-A315-5519469993B1}
	EndGlobalSection
EndGlobal
